<?xml version="1.0" encoding="utf-8"?>
<Project ToolsVersion="4.0" xmlns="http://schemas.microsoft.com/developer/msbuild/2003">
	<ItemGroup>
		<Filter Include="src">
			<UniqueIdentifier>{262748E9-3B82-4F46-8078-8A370B992B69}</UniqueIdentifier>
		</Filter>
		<Filter Include="src\qcommon">
			<UniqueIdentifier>{23A89D0A-6F6F-554F-9F79-EF45F715E04B}</UniqueIdentifier>
		</Filter>
		<Filter Include="src\botlib">
			<UniqueIdentifier>{D45E2142-C77B-E649-8DC2-C620EFB0562C}</UniqueIdentifier>
		</Filter>
		<Filter Include="src\server">
			<UniqueIdentifier>{76529E12-A49B-E548-873E-28B28B1EE72D}</UniqueIdentifier>
		</Filter>
		<Filter Include="src\null">
			<UniqueIdentifier>{855B2EF2-2E3C-E04B-8D89-7F565D5F481B}</UniqueIdentifier>
		</Filter>
		<Filter Include="src\sys">
			<UniqueIdentifier>{1319D3E8-45C6-564F-8CC8-89A6077379FF}</UniqueIdentifier>
		</Filter>
	</ItemGroup>
	<ItemGroup>
		<ClInclude Include="src\qcommon\cm_local.h">
			<Filter>src\qcommon</Filter>
		</ClInclude>
		<ClInclude Include="src\qcommon\cm_patch.h">
			<Filter>src\qcommon</Filter>
		</ClInclude>
		<ClInclude Include="src\qcommon\cm_polylib.h">
			<Filter>src\qcommon</Filter>
		</ClInclude>
		<ClInclude Include="src\qcommon\cm_public.h">
			<Filter>src\qcommon</Filter>
		</ClInclude>
		<ClInclude Include="src\qcommon\dl_local.h">
			<Filter>src\qcommon</Filter>
		</ClInclude>
		<ClInclude Include="src\qcommon\dl_public.h">
			<Filter>src\qcommon</Filter>
		</ClInclude>
		<ClInclude Include="src\qcommon\puff.h">
			<Filter>src\qcommon</Filter>
		</ClInclude>
		<ClInclude Include="src\qcommon\qcommon.h">
			<Filter>src\qcommon</Filter>
		</ClInclude>
		<ClInclude Include="src\qcommon\qfiles.h">
			<Filter>src\qcommon</Filter>
		</ClInclude>
		<ClInclude Include="src\qcommon\q_platform.h">
			<Filter>src\qcommon</Filter>
		</ClInclude>
		<ClInclude Include="src\qcommon\q_shared.h">
			<Filter>src\qcommon</Filter>
		</ClInclude>
		<ClInclude Include="src\qcommon\unzip.h">
			<Filter>src\qcommon</Filter>
		</ClInclude>
		<ClInclude Include="src\qcommon\vm_local.h">
			<Filter>src\qcommon</Filter>
		</ClInclude>
		<ClInclude Include="src\botlib\be_interface.h">
			<Filter>src\botlib</Filter>
		</ClInclude>
		<ClInclude Include="src\botlib\botlib.h">
			<Filter>src\botlib</Filter>
		</ClInclude>
		<ClInclude Include="src\botlib\l_libvar.h">
			<Filter>src\botlib</Filter>
		</ClInclude>
		<ClInclude Include="src\botlib\l_log.h">
			<Filter>src\botlib</Filter>
		</ClInclude>
		<ClInclude Include="src\botlib\l_memory.h">
			<Filter>src\botlib</Filter>
		</ClInclude>
		<ClInclude Include="src\botlib\l_precomp.h">
			<Filter>src\botlib</Filter>
		</ClInclude>
		<ClInclude Include="src\botlib\l_script.h">
			<Filter>src\botlib</Filter>
		</ClInclude>
		<ClInclude Include="src\botlib\l_struct.h">
			<Filter>src\botlib</Filter>
		</ClInclude>
		<ClInclude Include="src\botlib\l_utils.h">
			<Filter>src\botlib</Filter>
		</ClInclude>
		<ClInclude Include="src\server\server.h">
			<Filter>src\server</Filter>
		</ClInclude>
		<ClInclude Include="src\server\sv_trackbase.h">
			<Filter>src\server</Filter>
		</ClInclude>
	</ItemGroup>
	<ItemGroup>
		<ClCompile Include="src\qcommon\cmd.c">
			<Filter>src\qcommon</Filter>
		</ClCompile>
		<ClCompile Include="src\qcommon\cm_load.c">
			<Filter>src\qcommon</Filter>
		</ClCompile>
		<ClCompile Include="src\qcommon\cm_patch.c">
			<Filter>src\qcommon</Filter>
		</ClCompile>
		<ClCompile Include="src\qcommon\cm_polylib.c">
			<Filter>src\qcommon</Filter>
		</ClCompile>
		<ClCompile Include="src\qcommon\cm_test.c">
			<Filter>src\qcommon</Filter>
		</ClCompile>
		<ClCompile Include="src\qcommon\cm_trace.c">
			<Filter>src\qcommon</Filter>
		</ClCompile>
		<ClCompile Include="src\qcommon\common.c">
			<Filter>src\qcommon</Filter>
		</ClCompile>
		<ClCompile Include="src\qcommon\cvar.c">
			<Filter>src\qcommon</Filter>
		</ClCompile>
		<ClCompile Include="src\qcommon\dl_main_stubs.c">
			<Filter>src\qcommon</Filter>
		</ClCompile>
		<ClCompile Include="src\qcommon\files.c">
			<Filter>src\qcommon</Filter>
		</ClCompile>
		<ClCompile Include="src\qcommon\huffman.c">
			<Filter>src\qcommon</Filter>
		</ClCompile>
		<ClCompile Include="src\qcommon\md4.c">
			<Filter>src\qcommon</Filter>
		</ClCompile>
		<ClCompile Include="src\qcommon\md5.c">
			<Filter>src\qcommon</Filter>
		</ClCompile>
		<ClCompile Include="src\qcommon\msg.c">
			<Filter>src\qcommon</Filter>
		</ClCompile>
		<ClCompile Include="src\qcommon\net_chan.c">
			<Filter>src\qcommon</Filter>
		</ClCompile>
		<ClCompile Include="src\qcommon\net_ip.c">
			<Filter>src\qcommon</Filter>
		</ClCompile>
		<ClCompile Include="src\qcommon\puff.c">
			<Filter>src\qcommon</Filter>
		</ClCompile>
		<ClCompile Include="src\qcommon\q_math.c">
			<Filter>src\qcommon</Filter>
		</ClCompile>
		<ClCompile Include="src\qcommon\q_shared.c">
			<Filter>src\qcommon</Filter>
		</ClCompile>
		<ClCompile Include="src\qcommon\unzip.c">
			<Filter>src\qcommon</Filter>
		</ClCompile>
		<ClCompile Include="src\qcommon\vm.c">
			<Filter>src\qcommon</Filter>
		</ClCompile>
		<ClCompile Include="src\qcommon\vm_interpreted.c">
			<Filter>src\qcommon</Filter>
		</ClCompile>
		<ClCompile Include="src\botlib\be_interface.c">
			<Filter>src\botlib</Filter>
		</ClCompile>
		<ClCompile Include="src\botlib\l_libvar.c">
			<Filter>src\botlib</Filter>
		</ClCompile>
		<ClCompile Include="src\botlib\l_log.c">
			<Filter>src\botlib</Filter>
		</ClCompile>
		<ClCompile Include="src\botlib\l_memory.c">
			<Filter>src\botlib</Filter>
		</ClCompile>
		<ClCompile Include="src\botlib\l_precomp.c">
			<Filter>src\botlib</Filter>
		</ClCompile>
		<ClCompile Include="src\botlib\l_script.c">
			<Filter>src\botlib</Filter>
		</ClCompile>
		<ClCompile Include="src\botlib\l_struct.c">
			<Filter>src\botlib</Filter>
		</ClCompile>
		<ClCompile Include="src\server\sv_bot.c">
			<Filter>src\server</Filter>
		</ClCompile>
		<ClCompile Include="src\server\sv_ccmds.c">
			<Filter>src\server</Filter>
		</ClCompile>
		<ClCompile Include="src\server\sv_client.c">
			<Filter>src\server</Filter>
		</ClCompile>
		<ClCompile Include="src\server\sv_game.c">
			<Filter>src\server</Filter>
		</ClCompile>
		<ClCompile Include="src\server\sv_init.c">
			<Filter>src\server</Filter>
		</ClCompile>
		<ClCompile Include="src\server\sv_main.c">
			<Filter>src\server</Filter>
		</ClCompile>
		<ClCompile Include="src\server\sv_net_chan.c">
			<Filter>src\server</Filter>
		</ClCompile>
		<ClCompile Include="src\server\sv_snapshot.c">
			<Filter>src\server</Filter>
		</ClCompile>
		<ClCompile Include="src\server\sv_trackbase.c">
			<Filter>src\server</Filter>
		</ClCompile>
		<ClCompile Include="src\server\sv_world.c">
			<Filter>src\server</Filter>
		</ClCompile>
		<ClCompile Include="src\null\null_client.c">
			<Filter>src\null</Filter>
		</ClCompile>
		<ClCompile Include="src\null\null_input.c">
			<Filter>src\null</Filter>
		</ClCompile>
		<ClCompile Include="src\null\null_snddma.c">
			<Filter>src\null</Filter>
		</ClCompile>
		<ClCompile Include="src\sys\sys_platform.c">
			<Filter>src\sys</Filter>
		</ClCompile>
		<ClCompile Include="src\sys\sys_main.c">
			<Filter>src\sys</Filter>
		</ClCompile>
		<ClCompile Include="src\sys\con_log.c">
			<Filter>src\sys</Filter>
		</ClCompile>
		<ClCompile Include="src\sys\con_tty.c">
			<Filter>src\sys</Filter>
		</ClCompile>
	</ItemGroup>
</Project>
