<?xml version="1.0" encoding="utf-8"?>
<Project ToolsVersion="4.0" xmlns="http://schemas.microsoft.com/developer/msbuild/2003">
	<ItemGroup>
		<Filter Include="src">
			<UniqueIdentifier>{E73C4329-3AA2-3548-B18C-B7421ADF940D}</UniqueIdentifier>
		</Filter>
		<Filter Include="src\qcommon">
			<UniqueIdentifier>{6BC4CC04-AED7-C148-AE50-423624802082}</UniqueIdentifier>
		</Filter>
		<Filter Include="src\botlib">
			<UniqueIdentifier>{68FBEC83-3383-B542-845F-F674A1350E8D}</UniqueIdentifier>
		</Filter>
		<Filter Include="src\client">
			<UniqueIdentifier>{7B180576-B3A4-7E49-A076-06EC3BE7896F}</UniqueIdentifier>
		</Filter>
		<Filter Include="src\server">
			<UniqueIdentifier>{26B079BC-3A81-B44E-B114-2D5CDD510749}</UniqueIdentifier>
		</Filter>
		<Filter Include="src\renderer">
			<UniqueIdentifier>{97F4BFC1-97B2-1C40-8E2F-898AE4938BF3}</UniqueIdentifier>
		</Filter>
		<Filter Include="src\sdl">
			<UniqueIdentifier>{7DFF8199-B14A-2541-9EDA-8BBFAE530107}</UniqueIdentifier>
		</Filter>
		<Filter Include="src\sys">
			<UniqueIdentifier>{08516AB9-F375-B24A-BBEC-4396EB817DD2}</UniqueIdentifier>
		</Filter>
	</ItemGroup>
	<ItemGroup>
		<ClInclude Include="src\qcommon\cm_local.h">
			<Filter>src\qcommon</Filter>
		</ClInclude>
		<ClInclude Include="src\qcommon\cm_patch.h">
			<Filter>src\qcommon</Filter>
		</ClInclude>
		<ClInclude Include="src\qcommon\cm_polylib.h">
			<Filter>src\qcommon</Filter>
		</ClInclude>
		<ClInclude Include="src\qcommon\cm_public.h">
			<Filter>src\qcommon</Filter>
		</ClInclude>
		<ClInclude Include="src\qcommon\dl_local.h">
			<Filter>src\qcommon</Filter>
		</ClInclude>
		<ClInclude Include="src\qcommon\dl_public.h">
			<Filter>src\qcommon</Filter>
		</ClInclude>
		<ClInclude Include="src\qcommon\puff.h">
			<Filter>src\qcommon</Filter>
		</ClInclude>
		<ClInclude Include="src\qcommon\qcommon.h">
			<Filter>src\qcommon</Filter>
		</ClInclude>
		<ClInclude Include="src\qcommon\qfiles.h">
			<Filter>src\qcommon</Filter>
		</ClInclude>
		<ClInclude Include="src\qcommon\q_platform.h">
			<Filter>src\qcommon</Filter>
		</ClInclude>
		<ClInclude Include="src\qcommon\q_shared.h">
			<Filter>src\qcommon</Filter>
		</ClInclude>
		<ClInclude Include="src\qcommon\unzip.h">
			<Filter>src\qcommon</Filter>
		</ClInclude>
		<ClInclude Include="src\qcommon\vm_local.h">
			<Filter>src\qcommon</Filter>
		</ClInclude>
		<ClInclude Include="src\botlib\be_interface.h">
			<Filter>src\botlib</Filter>
		</ClInclude>
		<ClInclude Include="src\botlib\botlib.h">
			<Filter>src\botlib</Filter>
		</ClInclude>
		<ClInclude Include="src\botlib\l_libvar.h">
			<Filter>src\botlib</Filter>
		</ClInclude>
		<ClInclude Include="src\botlib\l_log.h">
			<Filter>src\botlib</Filter>
		</ClInclude>
		<ClInclude Include="src\botlib\l_memory.h">
			<Filter>src\botlib</Filter>
		</ClInclude>
		<ClInclude Include="src\botlib\l_precomp.h">
			<Filter>src\botlib</Filter>
		</ClInclude>
		<ClInclude Include="src\botlib\l_script.h">
			<Filter>src\botlib</Filter>
		</ClInclude>
		<ClInclude Include="src\botlib\l_struct.h">
			<Filter>src\botlib</Filter>
		</ClInclude>
		<ClInclude Include="src\botlib\l_utils.h">
			<Filter>src\botlib</Filter>
		</ClInclude>
		<ClInclude Include="src\client\client.h">
			<Filter>src\client</Filter>
		</ClInclude>
		<ClInclude Include="src\client\keys.h">
			<Filter>src\client</Filter>
		</ClInclude>
		<ClInclude Include="src\client\qal.h">
			<Filter>src\client</Filter>
		</ClInclude>
		<ClInclude Include="src\client\snd_codec.h">
			<Filter>src\client</Filter>
		</ClInclude>
		<ClInclude Include="src\client\snd_local.h">
			<Filter>src\client</Filter>
		</ClInclude>
		<ClInclude Include="src\client\snd_public.h">
			<Filter>src\client</Filter>
		</ClInclude>
		<ClInclude Include="src\server\server.h">
			<Filter>src\server</Filter>
		</ClInclude>
		<ClInclude Include="src\server\sv_trackbase.h">
			<Filter>src\server</Filter>
		</ClInclude>
		<ClInclude Include="src\renderer\anorms256.h">
			<Filter>src\renderer</Filter>
		</ClInclude>
		<ClInclude Include="src\renderer\qgl.h">
			<Filter>src\renderer</Filter>
		</ClInclude>
		<ClInclude Include="src\renderer\tr_local.h">
			<Filter>src\renderer</Filter>
		</ClInclude>
		<ClInclude Include="src\renderer\tr_public.h">
			<Filter>src\renderer</Filter>
		</ClInclude>
		<ClInclude Include="src\renderer\tr_types.h">
			<Filter>src\renderer</Filter>
		</ClInclude>
	</ItemGroup>
	<ItemGroup>
		<ClCompile Include="src\qcommon\cmd.c">
			<Filter>src\qcommon</Filter>
		</ClCompile>
		<ClCompile Include="src\qcommon\cm_load.c">
			<Filter>src\qcommon</Filter>
		</ClCompile>
		<ClCompile Include="src\qcommon\cm_patch.c">
			<Filter>src\qcommon</Filter>
		</ClCompile>
		<ClCompile Include="src\qcommon\cm_polylib.c">
			<Filter>src\qcommon</Filter>
		</ClCompile>
		<ClCompile Include="src\qcommon\cm_test.c">
			<Filter>src\qcommon</Filter>
		</ClCompile>
		<ClCompile Include="src\qcommon\cm_trace.c">
			<Filter>src\qcommon</Filter>
		</ClCompile>
		<ClCompile Include="src\qcommon\common.c">
			<Filter>src\qcommon</Filter>
		</ClCompile>
		<ClCompile Include="src\qcommon\cvar.c">
			<Filter>src\qcommon</Filter>
		</ClCompile>
		<ClCompile Include="src\qcommon\dl_main_stubs.c">
			<Filter>src\qcommon</Filter>
		</ClCompile>
		<ClCompile Include="src\qcommon\files.c">
			<Filter>src\qcommon</Filter>
		</ClCompile>
		<ClCompile Include="src\qcommon\huffman.c">
			<Filter>src\qcommon</Filter>
		</ClCompile>
		<ClCompile Include="src\qcommon\md4.c">
			<Filter>src\qcommon</Filter>
		</ClCompile>
		<ClCompile Include="src\qcommon\md5.c">
			<Filter>src\qcommon</Filter>
		</ClCompile>
		<ClCompile Include="src\qcommon\msg.c">
			<Filter>src\qcommon</Filter>
		</ClCompile>
		<ClCompile Include="src\qcommon\net_chan.c">
			<Filter>src\qcommon</Filter>
		</ClCompile>
		<ClCompile Include="src\qcommon\net_ip.c">
			<Filter>src\qcommon</Filter>
		</ClCompile>
		<ClCompile Include="src\qcommon\puff.c">
			<Filter>src\qcommon</Filter>
		</ClCompile>
		<ClCompile Include="src\qcommon\q_math.c">
			<Filter>src\qcommon</Filter>
		</ClCompile>
		<ClCompile Include="src\qcommon\q_shared.c">
			<Filter>src\qcommon</Filter>
		</ClCompile>
		<ClCompile Include="src\qcommon\unzip.c">
			<Filter>src\qcommon</Filter>
		</ClCompile>
		<ClCompile Include="src\qcommon\vm.c">
			<Filter>src\qcommon</Filter>
		</ClCompile>
		<ClCompile Include="src\qcommon\vm_interpreted.c">
			<Filter>src\qcommon</Filter>
		</ClCompile>
		<ClCompile Include="src\botlib\be_interface.c">
			<Filter>src\botlib</Filter>
		</ClCompile>
		<ClCompile Include="src\botlib\l_libvar.c">
			<Filter>src\botlib</Filter>
		</ClCompile>
		<ClCompile Include="src\botlib\l_log.c">
			<Filter>src\botlib</Filter>
		</ClCompile>
		<ClCompile Include="src\botlib\l_memory.c">
			<Filter>src\botlib</Filter>
		</ClCompile>
		<ClCompile Include="src\botlib\l_precomp.c">
			<Filter>src\botlib</Filter>
		</ClCompile>
		<ClCompile Include="src\botlib\l_script.c">
			<Filter>src\botlib</Filter>
		</ClCompile>
		<ClCompile Include="src\botlib\l_struct.c">
			<Filter>src\botlib</Filter>
		</ClCompile>
		<ClCompile Include="src\client\cl_cgame.c">
			<Filter>src\client</Filter>
		</ClCompile>
		<ClCompile Include="src\client\cl_cin.c">
			<Filter>src\client</Filter>
		</ClCompile>
		<ClCompile Include="src\client\cl_console.c">
			<Filter>src\client</Filter>
		</ClCompile>
		<ClCompile Include="src\client\cl_input.c">
			<Filter>src\client</Filter>
		</ClCompile>
		<ClCompile Include="src\client\cl_keys.c">
			<Filter>src\client</Filter>
		</ClCompile>
		<ClCompile Include="src\client\cl_main.c">
			<Filter>src\client</Filter>
		</ClCompile>
		<ClCompile Include="src\client\cl_net_chan.c">
			<Filter>src\client</Filter>
		</ClCompile>
		<ClCompile Include="src\client\cl_parse.c">
			<Filter>src\client</Filter>
		</ClCompile>
		<ClCompile Include="src\client\cl_scrn.c">
			<Filter>src\client</Filter>
		</ClCompile>
		<ClCompile Include="src\client\cl_ui.c">
			<Filter>src\client</Filter>
		</ClCompile>
		<ClCompile Include="src\client\qal.c">
			<Filter>src\client</Filter>
		</ClCompile>
		<ClCompile Include="src\client\snd_adpcm.c">
			<Filter>src\client</Filter>
		</ClCompile>
		<ClCompile Include="src\client\snd_codec.c">
			<Filter>src\client</Filter>
		</ClCompile>
		<ClCompile Include="src\client\snd_codec_ogg.c">
			<Filter>src\client</Filter>
		</ClCompile>
		<ClCompile Include="src\client\snd_codec_wav.c">
			<Filter>src\client</Filter>
		</ClCompile>
		<ClCompile Include="src\client\snd_dma.c">
			<Filter>src\client</Filter>
		</ClCompile>
		<ClCompile Include="src\client\snd_main.c">
			<Filter>src\client</Filter>
		</ClCompile>
		<ClCompile Include="src\client\snd_mem.c">
			<Filter>src\client</Filter>
		</ClCompile>
		<ClCompile Include="src\client\snd_mix.c">
			<Filter>src\client</Filter>
		</ClCompile>
		<ClCompile Include="src\client\snd_openal.c">
			<Filter>src\client</Filter>
		</ClCompile>
		<ClCompile Include="src\client\snd_wavelet.c">
			<Filter>src\client</Filter>
		</ClCompile>
		<ClCompile Include="src\server\sv_bot.c">
			<Filter>src\server</Filter>
		</ClCompile>
		<ClCompile Include="src\server\sv_ccmds.c">
			<Filter>src\server</Filter>
		</ClCompile>
		<ClCompile Include="src\server\sv_client.c">
			<Filter>src\server</Filter>
		</ClCompile>
		<ClCompile Include="src\server\sv_game.c">
			<Filter>src\server</Filter>
		</ClCompile>
		<ClCompile Include="src\server\sv_init.c">
			<Filter>src\server</Filter>
		</ClCompile>
		<ClCompile Include="src\server\sv_main.c">
			<Filter>src\server</Filter>
		</ClCompile>
		<ClCompile Include="src\server\sv_net_chan.c">
			<Filter>src\server</Filter>
		</ClCompile>
		<ClCompile Include="src\server\sv_snapshot.c">
			<Filter>src\server</Filter>
		</ClCompile>
		<ClCompile Include="src\server\sv_trackbase.c">
			<Filter>src\server</Filter>
		</ClCompile>
		<ClCompile Include="src\server\sv_world.c">
			<Filter>src\server</Filter>
		</ClCompile>
		<ClCompile Include="src\sdl\sdl_gamma.c">
			<Filter>src\sdl</Filter>
		</ClCompile>
		<ClCompile Include="src\sdl\sdl_glimp.c">
			<Filter>src\sdl</Filter>
		</ClCompile>
		<ClCompile Include="src\sdl\sdl_input.c">
			<Filter>src\sdl</Filter>
		</ClCompile>
		<ClCompile Include="src\sdl\sdl_snd.c">
			<Filter>src\sdl</Filter>
		</ClCompile>
		<ClCompile Include="src\sys\sys_platform.c">
			<Filter>src\sys</Filter>
		</ClCompile>
		<ClCompile Include="src\sys\sys_main.c">
			<Filter>src\sys</Filter>
		</ClCompile>
		<ClCompile Include="src\sys\con_log.c">
			<Filter>src\sys</Filter>
		</ClCompile>
		<ClCompile Include="src\sys\con_tty.c">
			<Filter>src\sys</Filter>
		</ClCompile>
		<ClCompile Include="src\renderer\tr_animation_mdm.c">
			<Filter>src\renderer</Filter>
		</ClCompile>
		<ClCompile Include="src\renderer\tr_animation_mds.c">
			<Filter>src\renderer</Filter>
		</ClCompile>
		<ClCompile Include="src\renderer\tr_backend.c">
			<Filter>src\renderer</Filter>
		</ClCompile>
		<ClCompile Include="src\renderer\tr_bsp.c">
			<Filter>src\renderer</Filter>
		</ClCompile>
		<ClCompile Include="src\renderer\tr_cmds.c">
			<Filter>src\renderer</Filter>
		</ClCompile>
		<ClCompile Include="src\renderer\tr_cmesh.c">
			<Filter>src\renderer</Filter>
		</ClCompile>
		<ClCompile Include="src\renderer\tr_curve.c">
			<Filter>src\renderer</Filter>
		</ClCompile>
		<ClCompile Include="src\renderer\tr_decals.c">
			<Filter>src\renderer</Filter>
		</ClCompile>
		<ClCompile Include="src\renderer\tr_flares.c">
			<Filter>src\renderer</Filter>
		</ClCompile>
		<ClCompile Include="src\renderer\tr_font.c">
			<Filter>src\renderer</Filter>
		</ClCompile>
		<ClCompile Include="src\renderer\tr_image.c">
			<Filter>src\renderer</Filter>
		</ClCompile>
		<ClCompile Include="src\renderer\tr_image_bmp.c">
			<Filter>src\renderer</Filter>
		</ClCompile>
		<ClCompile Include="src\renderer\tr_image_jpg.c">
			<Filter>src\renderer</Filter>
		</ClCompile>
		<ClCompile Include="src\renderer\tr_image_pcx.c">
			<Filter>src\renderer</Filter>
		</ClCompile>
		<ClCompile Include="src\renderer\tr_image_png.c">
			<Filter>src\renderer</Filter>
		</ClCompile>
		<ClCompile Include="src\renderer\tr_image_tga.c">
			<Filter>src\renderer</Filter>
		</ClCompile>
		<ClCompile Include="src\renderer\tr_init.c">
			<Filter>src\renderer</Filter>
		</ClCompile>
		<ClCompile Include="src\renderer\tr_light.c">
			<Filter>src\renderer</Filter>
		</ClCompile>
		<ClCompile Include="src\renderer\tr_main.c">
			<Filter>src\renderer</Filter>
		</ClCompile>
		<ClCompile Include="src\renderer\tr_marks.c">
			<Filter>src\renderer</Filter>
		</ClCompile>
		<ClCompile Include="src\renderer\tr_mesh.c">
			<Filter>src\renderer</Filter>
		</ClCompile>
		<ClCompile Include="src\renderer\tr_model.c">
			<Filter>src\renderer</Filter>
		</ClCompile>
		<ClCompile Include="src\renderer\tr_noise.c">
			<Filter>src\renderer</Filter>
		</ClCompile>
		<ClCompile Include="src\renderer\tr_scene.c">
			<Filter>src\renderer</Filter>
		</ClCompile>
		<ClCompile Include="src\renderer\tr_shade.c">
			<Filter>src\renderer</Filter>
		</ClCompile>
		<ClCompile Include="src\renderer\tr_shader.c">
			<Filter>src\renderer</Filter>
		</ClCompile>
		<ClCompile Include="src\renderer\tr_shade_calc.c">
			<Filter>src\renderer</Filter>
		</ClCompile>
		<ClCompile Include="src\renderer\tr_shadows.c">
			<Filter>src\renderer</Filter>
		</ClCompile>
		<ClCompile Include="src\renderer\tr_sky.c">
			<Filter>src\renderer</Filter>
		</ClCompile>
		<ClCompile Include="src\renderer\tr_surface.c">
			<Filter>src\renderer</Filter>
		</ClCompile>
		<ClCompile Include="src\renderer\tr_world.c">
			<Filter>src\renderer</Filter>
		</ClCompile>
	</ItemGroup>
</Project>
