<?xml version="1.0" encoding="utf-8"?>
<Project ToolsVersion="4.0" xmlns="http://schemas.microsoft.com/developer/msbuild/2003">
	<ItemGroup>
		<Filter Include="src">
			<UniqueIdentifier>{49F8547B-62AA-8249-A68D-4720A0BBB84E}</UniqueIdentifier>
		</Filter>
		<Filter Include="src\qcommon">
			<UniqueIdentifier>{41B465FD-26A1-F343-BBEF-DD7F9823A8AB}</UniqueIdentifier>
		</Filter>
		<Filter Include="src\game">
			<UniqueIdentifier>{B5B7F64C-06D8-944B-B797-96742000A7FC}</UniqueIdentifier>
		</Filter>
	</ItemGroup>
	<ItemGroup>
		<ClInclude Include="src\qcommon\q_shared.h">
			<Filter>src\qcommon</Filter>
		</ClInclude>
		<ClInclude Include="src\game\g_public.h">
			<Filter>src\game</Filter>
		</ClInclude>
		<ClInclude Include="src\game\surfaceflags.h">
			<Filter>src\game</Filter>
		</ClInclude>
		<ClInclude Include="src\game\bg_local.h">
			<Filter>src\game</Filter>
		</ClInclude>
		<ClInclude Include="src\game\bg_public.h">
			<Filter>src\game</Filter>
		</ClInclude>
		<ClInclude Include="src\game\g_funcs.h">
			<Filter>src\game</Filter>
		</ClInclude>
		<ClInclude Include="src\game\g_func_decs.h">
			<Filter>src\game</Filter>
		</ClInclude>
		<ClInclude Include="src\game\g_local.h">
			<Filter>src\game</Filter>
		</ClInclude>
		<ClInclude Include="src\game\g_team.h">
			<Filter>src\game</Filter>
		</ClInclude>
	</ItemGroup>
	<ItemGroup>
		<ClCompile Include="src\qcommon\q_math.c">
			<Filter>src\qcommon</Filter>
		</ClCompile>
		<ClCompile Include="src\qcommon\q_shared.c">
			<Filter>src\qcommon</Filter>
		</ClCompile>
		<ClCompile Include="src\game\bg_animation.c">
			<Filter>src\game</Filter>
		</ClCompile>
		<ClCompile Include="src\game\bg_animgroup.c">
			<Filter>src\game</Filter>
		</ClCompile>
		<ClCompile Include="src\game\bg_campaign.c">
			<Filter>src\game</Filter>
		</ClCompile>
		<ClCompile Include="src\game\bg_character.c">
			<Filter>src\game</Filter>
		</ClCompile>
		<ClCompile Include="src\game\bg_classes.c">
			<Filter>src\game</Filter>
		</ClCompile>
		<ClCompile Include="src\game\bg_misc.c">
			<Filter>src\game</Filter>
		</ClCompile>
		<ClCompile Include="src\game\bg_pmove.c">
			<Filter>src\game</Filter>
		</ClCompile>
		<ClCompile Include="src\game\bg_slidemove.c">
			<Filter>src\game</Filter>
		</ClCompile>
		<ClCompile Include="src\game\bg_sscript.c">
			<Filter>src\game</Filter>
		</ClCompile>
		<ClCompile Include="src\game\bg_stats.c">
			<Filter>src\game</Filter>
		</ClCompile>
		<ClCompile Include="src\game\bg_tracemap.c">
			<Filter>src\game</Filter>
		</ClCompile>
		<ClCompile Include="src\game\g_active.c">
			<Filter>src\game</Filter>
		</ClCompile>
		<ClCompile Include="src\game\g_alarm.c">
			<Filter>src\game</Filter>
		</ClCompile>
		<ClCompile Include="src\game\g_antilag.c">
			<Filter>src\game</Filter>
		</ClCompile>
		<ClCompile Include="src\game\g_buddy_list.c">
			<Filter>src\game</Filter>
		</ClCompile>
		<ClCompile Include="src\game\g_character.c">
			<Filter>src\game</Filter>
		</ClCompile>
		<ClCompile Include="src\game\g_client.c">
			<Filter>src\game</Filter>
		</ClCompile>
		<ClCompile Include="src\game\g_cmds.c">
			<Filter>src\game</Filter>
		</ClCompile>
		<ClCompile Include="src\game\g_cmds_ext.c">
			<Filter>src\game</Filter>
		</ClCompile>
		<ClCompile Include="src\game\g_combat.c">
			<Filter>src\game</Filter>
		</ClCompile>
		<ClCompile Include="src\game\g_config.c">
			<Filter>src\game</Filter>
		</ClCompile>
		<ClCompile Include="src\game\g_fireteams.c">
			<Filter>src\game</Filter>
		</ClCompile>
		<ClCompile Include="src\game\g_items.c">
			<Filter>src\game</Filter>
		</ClCompile>
		<ClCompile Include="src\game\g_main.c">
			<Filter>src\game</Filter>
		</ClCompile>
		<ClCompile Include="src\game\g_match.c">
			<Filter>src\game</Filter>
		</ClCompile>
		<ClCompile Include="src\game\g_mem.c">
			<Filter>src\game</Filter>
		</ClCompile>
		<ClCompile Include="src\game\g_misc.c">
			<Filter>src\game</Filter>
		</ClCompile>
		<ClCompile Include="src\game\g_missile.c">
			<Filter>src\game</Filter>
		</ClCompile>
		<ClCompile Include="src\game\g_mover.c">
			<Filter>src\game</Filter>
		</ClCompile>
		<ClCompile Include="src\game\g_multiview.c">
			<Filter>src\game</Filter>
		</ClCompile>
		<ClCompile Include="src\game\g_props.c">
			<Filter>src\game</Filter>
		</ClCompile>
		<ClCompile Include="src\game\g_referee.c">
			<Filter>src\game</Filter>
		</ClCompile>
		<ClCompile Include="src\game\g_script.c">
			<Filter>src\game</Filter>
		</ClCompile>
		<ClCompile Include="src\game\g_script_actions.c">
			<Filter>src\game</Filter>
		</ClCompile>
		<ClCompile Include="src\game\g_session.c">
			<Filter>src\game</Filter>
		</ClCompile>
		<ClCompile Include="src\game\g_spawn.c">
			<Filter>src\game</Filter>
		</ClCompile>
		<ClCompile Include="src\game\g_stats.c">
			<Filter>src\game</Filter>
		</ClCompile>
		<ClCompile Include="src\game\g_svcmds.c">
			<Filter>src\game</Filter>
		</ClCompile>
		<ClCompile Include="src\game\g_syscalls.c">
			<Filter>src\game</Filter>
		</ClCompile>
		<ClCompile Include="src\game\g_systemmsg.c">
			<Filter>src\game</Filter>
		</ClCompile>
		<ClCompile Include="src\game\g_target.c">
			<Filter>src\game</Filter>
		</ClCompile>
		<ClCompile Include="src\game\g_team.c">
			<Filter>src\game</Filter>
		</ClCompile>
		<ClCompile Include="src\game\g_teammapdata.c">
			<Filter>src\game</Filter>
		</ClCompile>
		<ClCompile Include="src\game\g_trigger.c">
			<Filter>src\game</Filter>
		</ClCompile>
		<ClCompile Include="src\game\g_utils.c">
			<Filter>src\game</Filter>
		</ClCompile>
		<ClCompile Include="src\game\g_vote.c">
			<Filter>src\game</Filter>
		</ClCompile>
		<ClCompile Include="src\game\g_weapon.c">
			<Filter>src\game</Filter>
		</ClCompile>
	</ItemGroup>
</Project>
