<?xml version="1.0" encoding="utf-8"?>
<Project ToolsVersion="4.0" xmlns="http://schemas.microsoft.com/developer/msbuild/2003">
	<ItemGroup>
		<Filter Include="src">
			<UniqueIdentifier>{56613B3D-E537-B44F-994A-6D9CA1199900}</UniqueIdentifier>
		</Filter>
		<Filter Include="src\qcommon">
			<UniqueIdentifier>{933B6716-6A41-B249-9594-A4E7D7755FE0}</UniqueIdentifier>
		</Filter>
		<Filter Include="src\cgame">
			<UniqueIdentifier>{D8D5D52D-9FFF-5143-80AA-379D9BB75136}</UniqueIdentifier>
		</Filter>
		<Filter Include="src\renderer">
			<UniqueIdentifier>{5A4EAD81-A71F-F44E-803B-66707F7FDCE1}</UniqueIdentifier>
		</Filter>
		<Filter Include="src\ui">
			<UniqueIdentifier>{D3BFAD65-BAAB-DD4E-AFB4-7382D6B68F29}</UniqueIdentifier>
		</Filter>
		<Filter Include="src\game">
			<UniqueIdentifier>{0C69AB92-5F06-4D40-8456-1401123B4B04}</UniqueIdentifier>
		</Filter>
	</ItemGroup>
	<ItemGroup>
		<ClInclude Include="src\qcommon\q_shared.h">
			<Filter>src\qcommon</Filter>
		</ClInclude>
		<ClInclude Include="src\cgame\cg_public.h">
			<Filter>src\cgame</Filter>
		</ClInclude>
		<ClInclude Include="src\renderer\tr_types.h">
			<Filter>src\renderer</Filter>
		</ClInclude>
		<ClInclude Include="src\ui\keycodes.h">
			<Filter>src\ui</Filter>
		</ClInclude>
		<ClInclude Include="src\game\surfaceflags.h">
			<Filter>src\game</Filter>
		</ClInclude>
		<ClInclude Include="src\cgame\cg_local.h">
			<Filter>src\cgame</Filter>
		</ClInclude>
		<ClInclude Include="src\game\bg_local.h">
			<Filter>src\game</Filter>
		</ClInclude>
		<ClInclude Include="src\game\bg_public.h">
			<Filter>src\game</Filter>
		</ClInclude>
		<ClInclude Include="src\ui\ui_shared.h">
			<Filter>src\ui</Filter>
		</ClInclude>
	</ItemGroup>
	<ItemGroup>
		<ClCompile Include="src\qcommon\q_math.c">
			<Filter>src\qcommon</Filter>
		</ClCompile>
		<ClCompile Include="src\qcommon\q_shared.c">
			<Filter>src\qcommon</Filter>
		</ClCompile>
		<ClCompile Include="src\cgame\cg_atmospheric.c">
			<Filter>src\cgame</Filter>
		</ClCompile>
		<ClCompile Include="src\cgame\cg_character.c">
			<Filter>src\cgame</Filter>
		</ClCompile>
		<ClCompile Include="src\cgame\cg_commandmap.c">
			<Filter>src\cgame</Filter>
		</ClCompile>
		<ClCompile Include="src\cgame\cg_consolecmds.c">
			<Filter>src\cgame</Filter>
		</ClCompile>
		<ClCompile Include="src\cgame\cg_debriefing.c">
			<Filter>src\cgame</Filter>
		</ClCompile>
		<ClCompile Include="src\cgame\cg_draw.c">
			<Filter>src\cgame</Filter>
		</ClCompile>
		<ClCompile Include="src\cgame\cg_drawtools.c">
			<Filter>src\cgame</Filter>
		</ClCompile>
		<ClCompile Include="src\cgame\cg_effects.c">
			<Filter>src\cgame</Filter>
		</ClCompile>
		<ClCompile Include="src\cgame\cg_ents.c">
			<Filter>src\cgame</Filter>
		</ClCompile>
		<ClCompile Include="src\cgame\cg_event.c">
			<Filter>src\cgame</Filter>
		</ClCompile>
		<ClCompile Include="src\cgame\cg_fireteamoverlay.c">
			<Filter>src\cgame</Filter>
		</ClCompile>
		<ClCompile Include="src\cgame\cg_fireteams.c">
			<Filter>src\cgame</Filter>
		</ClCompile>
		<ClCompile Include="src\cgame\cg_flamethrower.c">
			<Filter>src\cgame</Filter>
		</ClCompile>
		<ClCompile Include="src\cgame\cg_info.c">
			<Filter>src\cgame</Filter>
		</ClCompile>
		<ClCompile Include="src\cgame\cg_limbopanel.c">
			<Filter>src\cgame</Filter>
		</ClCompile>
		<ClCompile Include="src\cgame\cg_loadpanel.c">
			<Filter>src\cgame</Filter>
		</ClCompile>
		<ClCompile Include="src\cgame\cg_localents.c">
			<Filter>src\cgame</Filter>
		</ClCompile>
		<ClCompile Include="src\cgame\cg_main.c">
			<Filter>src\cgame</Filter>
		</ClCompile>
		<ClCompile Include="src\cgame\cg_marks.c">
			<Filter>src\cgame</Filter>
		</ClCompile>
		<ClCompile Include="src\cgame\cg_missionbriefing.c">
			<Filter>src\cgame</Filter>
		</ClCompile>
		<ClCompile Include="src\cgame\cg_multiview.c">
			<Filter>src\cgame</Filter>
		</ClCompile>
		<ClCompile Include="src\cgame\cg_newDraw.c">
			<Filter>src\cgame</Filter>
		</ClCompile>
		<ClCompile Include="src\cgame\cg_particles.c">
			<Filter>src\cgame</Filter>
		</ClCompile>
		<ClCompile Include="src\cgame\cg_players.c">
			<Filter>src\cgame</Filter>
		</ClCompile>
		<ClCompile Include="src\cgame\cg_playerstate.c">
			<Filter>src\cgame</Filter>
		</ClCompile>
		<ClCompile Include="src\cgame\cg_polybus.c">
			<Filter>src\cgame</Filter>
		</ClCompile>
		<ClCompile Include="src\cgame\cg_popupmessages.c">
			<Filter>src\cgame</Filter>
		</ClCompile>
		<ClCompile Include="src\cgame\cg_predict.c">
			<Filter>src\cgame</Filter>
		</ClCompile>
		<ClCompile Include="src\cgame\cg_scoreboard.c">
			<Filter>src\cgame</Filter>
		</ClCompile>
		<ClCompile Include="src\cgame\cg_servercmds.c">
			<Filter>src\cgame</Filter>
		</ClCompile>
		<ClCompile Include="src\cgame\cg_snapshot.c">
			<Filter>src\cgame</Filter>
		</ClCompile>
		<ClCompile Include="src\cgame\cg_sound.c">
			<Filter>src\cgame</Filter>
		</ClCompile>
		<ClCompile Include="src\cgame\cg_spawn.c">
			<Filter>src\cgame</Filter>
		</ClCompile>
		<ClCompile Include="src\cgame\cg_statsranksmedals.c">
			<Filter>src\cgame</Filter>
		</ClCompile>
		<ClCompile Include="src\cgame\cg_syscalls.c">
			<Filter>src\cgame</Filter>
		</ClCompile>
		<ClCompile Include="src\cgame\cg_trails.c">
			<Filter>src\cgame</Filter>
		</ClCompile>
		<ClCompile Include="src\cgame\cg_view.c">
			<Filter>src\cgame</Filter>
		</ClCompile>
		<ClCompile Include="src\cgame\cg_weapons.c">
			<Filter>src\cgame</Filter>
		</ClCompile>
		<ClCompile Include="src\cgame\cg_window.c">
			<Filter>src\cgame</Filter>
		</ClCompile>
		<ClCompile Include="src\game\bg_animation.c">
			<Filter>src\game</Filter>
		</ClCompile>
		<ClCompile Include="src\game\bg_animgroup.c">
			<Filter>src\game</Filter>
		</ClCompile>
		<ClCompile Include="src\game\bg_campaign.c">
			<Filter>src\game</Filter>
		</ClCompile>
		<ClCompile Include="src\game\bg_character.c">
			<Filter>src\game</Filter>
		</ClCompile>
		<ClCompile Include="src\game\bg_classes.c">
			<Filter>src\game</Filter>
		</ClCompile>
		<ClCompile Include="src\game\bg_misc.c">
			<Filter>src\game</Filter>
		</ClCompile>
		<ClCompile Include="src\game\bg_pmove.c">
			<Filter>src\game</Filter>
		</ClCompile>
		<ClCompile Include="src\game\bg_slidemove.c">
			<Filter>src\game</Filter>
		</ClCompile>
		<ClCompile Include="src\game\bg_sscript.c">
			<Filter>src\game</Filter>
		</ClCompile>
		<ClCompile Include="src\game\bg_stats.c">
			<Filter>src\game</Filter>
		</ClCompile>
		<ClCompile Include="src\game\bg_tracemap.c">
			<Filter>src\game</Filter>
		</ClCompile>
		<ClCompile Include="src\ui\ui_shared.c">
			<Filter>src\ui</Filter>
		</ClCompile>
	</ItemGroup>
</Project>
